
Microsoft Visual Studio Solution File, Format Version 12.00
# Visual Studio Version 16
VisualStudioVersion = 16.0.32929.386
MinimumVisualStudioVersion = 10.0.40219.1
Project("{8BC9CEB8-8B4A-11D0-8D11-00A0C91BC942}") = "Project1", "Project1\Project1.vcxproj", "{001D2B36-627D-4678-BE9C-2D08C39814F7}"
EndProject
Global
	GlobalSection(SolutionConfigurationPlatforms) = preSolution
		Debug|x64 = Debug|x64
		Debug|x86 = Debug|x86
		Release|x64 = Release|x64
		Release|x86 = Release|x86
	EndGlobalSection
	GlobalSection(ProjectConfigurationPlatforms) = postSolution
		{001D2B36-627D-4678-BE9C-2D08C39814F7}.Debug|x64.ActiveCfg = Debug|x64
		{001D2B36-627D-4678-BE9C-2D08C39814F7}.Debug|x64.Build.0 = Debug|x64
		{001D2B36-627D-4678-BE9C-2D08C39814F7}.Debug|x86.ActiveCfg = Debug|Win32
		{001D2B36-627D-4678-BE9C-2D08C39814F7}.Debug|x86.Build.0 = Debug|Win32
		{001D2B36-627D-4678-BE9C-2D08C39814F7}.Release|x64.ActiveCfg = Release|x64
		{001D2B36-627D-4678-BE9C-2D08C39814F7}.Release|x64.Build.0 = Release|x64
		{001D2B36-627D-4678-BE9C-2D08C39814F7}.Release|x86.ActiveCfg = Release|Win32
		{001D2B36-627D-4678-BE9C-2D08C39814F7}.Release|x86.Build.0 = Release|Win32
	EndGlobalSection
	GlobalSection(SolutionProperties) = preSolution
		HideSolutionNode = FALSE
	EndGlobalSection
	GlobalSection(ExtensibilityGlobals) = postSolution
		SolutionGuid = {94E705FD-0120-4EAC-B39B-B28F9A68FD31}
	EndGlobalSection
EndGlobal
